// !$*UTF8*$!
{
	archiveVersion = 1;
	classes = {
	};
	objectVersion = 50;
	objects = {

/* Begin PBXBuildFile section */
		400ED768251FA15F003CD15C /* FlickrViewModel.swift in Sources */ = {isa = PBXBuildFile; fileRef = 400ED767251FA15F003CD15C /* FlickrViewModel.swift */; };
		BE424240251D28FE00220122 /* AppDelegate.swift in Sources */ = {isa = PBXBuildFile; fileRef = BE42423F251D28FE00220122 /* AppDelegate.swift */; };
		BE424242251D28FE00220122 /* SceneDelegate.swift in Sources */ = {isa = PBXBuildFile; fileRef = BE424241251D28FE00220122 /* SceneDelegate.swift */; };
		BE424244251D28FE00220122 /* ViewController.swift in Sources */ = {isa = PBXBuildFile; fileRef = BE424243251D28FE00220122 /* ViewController.swift */; };
		BE424249251D290500220122 /* Assets.xcassets in Resources */ = {isa = PBXBuildFile; fileRef = BE424248251D290500220122 /* Assets.xcassets */; };
		BE42424C251D290500220122 /* LaunchScreen.storyboard in Resources */ = {isa = PBXBuildFile; fileRef = BE42424A251D290500220122 /* LaunchScreen.storyboard */; };
		BE424254251E4A1600220122 /* FlickrPhotos.swift in Sources */ = {isa = PBXBuildFile; fileRef = BE424253251E4A1600220122 /* FlickrPhotos.swift */; };
		BE424256251E4B5E00220122 /* APIService.swift in Sources */ = {isa = PBXBuildFile; fileRef = BE424255251E4B5E00220122 /* APIService.swift */; };
/* End PBXBuildFile section */

/* Begin PBXFileReference section */
		400ED767251FA15F003CD15C /* FlickrViewModel.swift */ = {isa = PBXFileReference; lastKnownFileType = sourcecode.swift; path = FlickrViewModel.swift; sourceTree = "<group>"; };
		BE42423C251D28FE00220122 /* flickerApiApp.app */ = {isa = PBXFileReference; explicitFileType = wrapper.application; includeInIndex = 0; path = flickerApiApp.app; sourceTree = BUILT_PRODUCTS_DIR; };
		BE42423F251D28FE00220122 /* AppDelegate.swift */ = {isa = PBXFileReference; lastKnownFileType = sourcecode.swift; path = AppDelegate.swift; sourceTree = "<group>"; };
		BE424241251D28FE00220122 /* SceneDelegate.swift */ = {isa = PBXFileReference; lastKnownFileType = sourcecode.swift; path = SceneDelegate.swift; sourceTree = "<group>"; };
		BE424243251D28FE00220122 /* ViewController.swift */ = {isa = PBXFileReference; lastKnownFileType = sourcecode.swift; path = ViewController.swift; sourceTree = "<group>"; };
		BE424248251D290500220122 /* Assets.xcassets */ = {isa = PBXFileReference; lastKnownFileType = folder.assetcatalog; path = Assets.xcassets; sourceTree = "<group>"; };
		BE42424B251D290500220122 /* Base */ = {isa = PBXFileReference; lastKnownFileType = file.storyboard; name = Base; path = Base.lproj/LaunchScreen.storyboard; sourceTree = "<group>"; };
		BE42424D251D290500220122 /* Info.plist */ = {isa = PBXFileReference; lastKnownFileType = text.plist.xml; path = Info.plist; sourceTree = "<group>"; };
		BE424253251E4A1600220122 /* FlickrPhotos.swift */ = {isa = PBXFileReference; lastKnownFileType = sourcecode.swift; path = FlickrPhotos.swift; sourceTree = "<group>"; };
		BE424255251E4B5E00220122 /* APIService.swift */ = {isa = PBXFileReference; lastKnownFileType = sourcecode.swift; path = APIService.swift; sourceTree = "<group>"; };
/* End PBXFileReference section */

/* Begin PBXFrameworksBuildPhase section */
		BE424239251D28FE00220122 /* Frameworks */ = {
			isa = PBXFrameworksBuildPhase;
			buildActionMask = 2147483647;
			files = (
			);
			runOnlyForDeploymentPostprocessing = 0;
		};
/* End PBXFrameworksBuildPhase section */

/* Begin PBXGroup section */
		400ED764251F9EA4003CD15C /* Services */ = {
			isa = PBXGroup;
			children = (
				BE424255251E4B5E00220122 /* APIService.swift */,
			);
			path = Services;
			sourceTree = "<group>";
		};
		400ED765251F9F6F003CD15C /* Models */ = {
			isa = PBXGroup;
			children = (
				BE424253251E4A1600220122 /* FlickrPhotos.swift */,
			);
			path = Models;
			sourceTree = "<group>";
		};
		400ED766251FA122003CD15C /* ViewModels */ = {
			isa = PBXGroup;
			children = (
				400ED767251FA15F003CD15C /* FlickrViewModel.swift */,
			);
			path = ViewModels;
			sourceTree = "<group>";
		};
		400ED76B251FA5F0003CD15C /* Views */ = {
			isa = PBXGroup;
			children = (
			);
			path = Views;
			sourceTree = "<group>";
		};
		BE424233251D28FE00220122 = {
			isa = PBXGroup;
			children = (
				BE42423E251D28FE00220122 /* flickerApiApp */,
				BE42423D251D28FE00220122 /* Products */,
			);
			sourceTree = "<group>";
		};
		BE42423D251D28FE00220122 /* Products */ = {
			isa = PBXGroup;
			children = (
				BE42423C251D28FE00220122 /* flickerApiApp.app */,
			);
			name = Products;
			sourceTree = "<group>";
		};
		BE42423E251D28FE00220122 /* flickerApiApp */ = {
			isa = PBXGroup;
			children = (
				BE42423F251D28FE00220122 /* AppDelegate.swift */,
				BE424241251D28FE00220122 /* SceneDelegate.swift */,
				400ED76B251FA5F0003CD15C /* Views */,
				BE424243251D28FE00220122 /* ViewController.swift */,
				400ED766251FA122003CD15C /* ViewModels */,
				400ED765251F9F6F003CD15C /* Models */,
				400ED764251F9EA4003CD15C /* Services */,
				BE424248251D290500220122 /* Assets.xcassets */,
				BE42424A251D290500220122 /* LaunchScreen.storyboard */,
				BE42424D251D290500220122 /* Info.plist */,
			);
			path = flickerApiApp;
			sourceTree = "<group>";
		};
/* End PBXGroup section */

/* Begin PBXNativeTarget section */
		BE42423B251D28FE00220122 /* flickerApiApp */ = {
			isa = PBXNativeTarget;
			buildConfigurationList = BE424250251D290500220122 /* Build configuration list for PBXNativeTarget "flickerApiApp" */;
			buildPhases = (
				BE424238251D28FE00220122 /* Sources */,
				BE424239251D28FE00220122 /* Frameworks */,
				BE42423A251D28FE00220122 /* Resources */,
			);
			buildRules = (
			);
			dependencies = (
			);
			name = flickerApiApp;
			productName = flickerApiApp;
			productReference = BE42423C251D28FE00220122 /* flickerApiApp.app */;
			productType = "com.apple.product-type.application";
		};
/* End PBXNativeTarget section */

/* Begin PBXProject section */
		BE424234251D28FE00220122 /* Project object */ = {
			isa = PBXProject;
			attributes = {
				LastSwiftUpdateCheck = 1130;
				LastUpgradeCheck = 1130;
				ORGANIZATIONNAME = "Desmarais, Jax";
				TargetAttributes = {
					BE42423B251D28FE00220122 = {
						CreatedOnToolsVersion = 11.3;
					};
				};
			};
			buildConfigurationList = BE424237251D28FE00220122 /* Build configuration list for PBXProject "flickerApiApp" */;
			compatibilityVersion = "Xcode 9.3";
			developmentRegion = en;
			hasScannedForEncodings = 0;
			knownRegions = (
				en,
				Base,
			);
			mainGroup = BE424233251D28FE00220122;
			productRefGroup = BE42423D251D28FE00220122 /* Products */;
			projectDirPath = "";
			projectRoot = "";
			targets = (
				BE42423B251D28FE00220122 /* flickerApiApp */,
			);
		};
/* End PBXProject section */

/* Begin PBXResourcesBuildPhase section */
		BE42423A251D28FE00220122 /* Resources */ = {
			isa = PBXResourcesBuildPhase;
			buildActionMask = 2147483647;
			files = (
				BE42424C251D290500220122 /* LaunchScreen.storyboard in Resources */,
				BE424249251D290500220122 /* Assets.xcassets in Resources */,
			);
			runOnlyForDeploymentPostprocessing = 0;
		};
/* End PBXResourcesBuildPhase section */

/* Begin PBXSourcesBuildPhase section */
		BE424238251D28FE00220122 /* Sources */ = {
			isa = PBXSourcesBuildPhase;
			buildActionMask = 2147483647;
			files = (
				BE424254251E4A1600220122 /* FlickrPhotos.swift in Sources */,
				400ED768251FA15F003CD15C /* FlickrViewModel.swift in Sources */,
				BE424256251E4B5E00220122 /* APIService.swift in Sources */,
				BE424244251D28FE00220122 /* ViewController.swift in Sources */,
				BE424240251D28FE00220122 /* AppDelegate.swift in Sources */,
				BE424242251D28FE00220122 /* SceneDelegate.swift in Sources */,
			);
			runOnlyForDeploymentPostprocessing = 0;
		};
/* End PBXSourcesBuildPhase section */

/* Begin PBXVariantGroup section */
		BE42424A251D290500220122 /* LaunchScreen.storyboard */ = {
			isa = PBXVariantGroup;
			children = (
				BE42424B251D290500220122 /* Base */,
			);
			name = LaunchScreen.storyboard;
			sourceTree = "<group>";
		};
/* End PBXVariantGroup section */

/* Begin XCBuildConfiguration section */
		BE42424E251D290500220122 /* Debug */ = {
			isa = XCBuildConfiguration;
			buildSettings = {
				ALWAYS_SEARCH_USER_PATHS = NO;
				CLANG_ANALYZER_NONNULL = YES;
				CLANG_ANALYZER_NUMBER_OBJECT_CONVERSION = YES_AGGRESSIVE;
				CLANG_CXX_LANGUAGE_STANDARD = "gnu++14";
				CLANG_CXX_LIBRARY = "libc++";
				CLANG_ENABLE_MODULES = YES;
				CLANG_ENABLE_OBJC_ARC = YES;
				CLANG_ENABLE_OBJC_WEAK = YES;
				CLANG_WARN_BLOCK_CAPTURE_AUTORELEASING = YES;
				CLANG_WARN_BOOL_CONVERSION = YES;
				CLANG_WARN_COMMA = YES;
				CLANG_WARN_CONSTANT_CONVERSION = YES;
				CLANG_WARN_DEPRECATED_OBJC_IMPLEMENTATIONS = YES;
				CLANG_WARN_DIRECT_OBJC_ISA_USAGE = YES_ERROR;
				CLANG_WARN_DOCUMENTATION_COMMENTS = YES;
				CLANG_WARN_EMPTY_BODY = YES;
				CLANG_WARN_ENUM_CONVERSION = YES;
				CLANG_WARN_INFINITE_RECURSION = YES;
				CLANG_WARN_INT_CONVERSION = YES;
				CLANG_WARN_NON_LITERAL_NULL_CONVERSION = YES;
				CLANG_WARN_OBJC_IMPLICIT_RETAIN_SELF = YES;
				CLANG_WARN_OBJC_LITERAL_CONVERSION = YES;
				CLANG_WARN_OBJC_ROOT_CLASS = YES_ERROR;
				CLANG_WARN_RANGE_LOOP_ANALYSIS = YES;
				CLANG_WARN_STRICT_PROTOTYPES = YES;
				CLANG_WARN_SUSPICIOUS_MOVE = YES;
				CLANG_WARN_UNGUARDED_AVAILABILITY = YES_AGGRESSIVE;
				CLANG_WARN_UNREACHABLE_CODE = YES;
				CLANG_WARN__DUPLICATE_METHOD_MATCH = YES;
				COPY_PHASE_STRIP = NO;
				DEBUG_INFORMATION_FORMAT = dwarf;
				ENABLE_STRICT_OBJC_MSGSEND = YES;
				ENABLE_TESTABILITY = YES;
				GCC_C_LANGUAGE_STANDARD = gnu11;
				GCC_DYNAMIC_NO_PIC = NO;
				GCC_NO_COMMON_BLOCKS = YES;
				GCC_OPTIMIZATION_LEVEL = 0;
				GCC_PREPROCESSOR_DEFINITIONS = (
					"DEBUG=1",
					"$(inherited)",
				);
				GCC_WARN_64_TO_32_BIT_CONVERSION = YES;
				GCC_WARN_ABOUT_RETURN_TYPE = YES_ERROR;
				GCC_WARN_UNDECLARED_SELECTOR = YES;
				GCC_WARN_UNINITIALIZED_AUTOS = YES_AGGRESSIVE;
				GCC_WARN_UNUSED_FUNCTION = YES;
				GCC_WARN_UNUSED_VARIABLE = YES;
				IPHONEOS_DEPLOYMENT_TARGET = 13.2;
				MTL_ENABLE_DEBUG_INFO = INCLUDE_SOURCE;
				MTL_FAST_MATH = YES;
				ONLY_ACTIVE_ARCH = YES;
				SDKROOT = iphoneos;
				SWIFT_ACTIVE_COMPILATION_CONDITIONS = DEBUG;
				SWIFT_OPTIMIZATION_LEVEL = "-Onone";
			};
			name = Debug;
		};
		BE42424F251D290500220122 /* Release */ = {
			isa = XCBuildConfiguration;
			buildSettings = {
				ALWAYS_SEARCH_USER_PATHS = NO;
				CLANG_ANALYZER_NONNULL = YES;
				CLANG_ANALYZER_NUMBER_OBJECT_CONVERSION = YES_AGGRESSIVE;
				CLANG_CXX_LANGUAGE_STANDARD = "gnu++14";
				CLANG_CXX_LIBRARY = "libc++";
				CLANG_ENABLE_MODULES = YES;
				CLANG_ENABLE_OBJC_ARC = YES;
				CLANG_ENABLE_OBJC_WEAK = YES;
				CLANG_WARN_BLOCK_CAPTURE_AUTORELEASING = YES;
				CLANG_WARN_BOOL_CONVERSION = YES;
				CLANG_WARN_COMMA = YES;
				CLANG_WARN_CONSTANT_CONVERSION = YES;
				CLANG_WARN_DEPRECATED_OBJC_IMPLEMENTATIONS = YES;
				CLANG_WARN_DIRECT_OBJC_ISA_USAGE = YES_ERROR;
				CLANG_WARN_DOCUMENTATION_COMMENTS = YES;
				CLANG_WARN_EMPTY_BODY = YES;
				CLANG_WARN_ENUM_CONVERSION = YES;
				CLANG_WARN_INFINITE_RECURSION = YES;
				CLANG_WARN_INT_CONVERSION = YES;
				CLANG_WARN_NON_LITERAL_NULL_CONVERSION = YES;
				CLANG_WARN_OBJC_IMPLICIT_RETAIN_SELF = YES;
				CLANG_WARN_OBJC_LITERAL_CONVERSION = YES;
				CLANG_WARN_OBJC_ROOT_CLASS = YES_ERROR;
				CLANG_WARN_RANGE_LOOP_ANALYSIS = YES;
				CLANG_WARN_STRICT_PROTOTYPES = YES;
				CLANG_WARN_SUSPICIOUS_MOVE = YES;
				CLANG_WARN_UNGUARDED_AVAILABILITY = YES_AGGRESSIVE;
				CLANG_WARN_UNREACHABLE_CODE = YES;
				CLANG_WARN__DUPLICATE_METHOD_MATCH = YES;
				COPY_PHASE_STRIP = NO;
				DEBUG_INFORMATION_FORMAT = "dwarf-with-dsym";
				ENABLE_NS_ASSERTIONS = NO;
				ENABLE_STRICT_OBJC_MSGSEND = YES;
				GCC_C_LANGUAGE_STANDARD = gnu11;
				GCC_NO_COMMON_BLOCKS = YES;
				GCC_WARN_64_TO_32_BIT_CONVERSION = YES;
				GCC_WARN_ABOUT_RETURN_TYPE = YES_ERROR;
				GCC_WARN_UNDECLARED_SELECTOR = YES;
				GCC_WARN_UNINITIALIZED_AUTOS = YES_AGGRESSIVE;
				GCC_WARN_UNUSED_FUNCTION = YES;
				GCC_WARN_UNUSED_VARIABLE = YES;
				IPHONEOS_DEPLOYMENT_TARGET = 13.2;
				MTL_ENABLE_DEBUG_INFO = NO;
				MTL_FAST_MATH = YES;
				SDKROOT = iphoneos;
				SWIFT_COMPILATION_MODE = wholemodule;
				SWIFT_OPTIMIZATION_LEVEL = "-O";
				VALIDATE_PRODUCT = YES;
			};
			name = Release;
		};
		BE424251251D290500220122 /* Debug */ = {
			isa = XCBuildConfiguration;
			buildSettings = {
				ASSETCATALOG_COMPILER_APPICON_NAME = AppIcon;
				CODE_SIGN_STYLE = Automatic;
				INFOPLIST_FILE = flickerApiApp/Info.plist;
				LD_RUNPATH_SEARCH_PATHS = (
					"$(inherited)",
					"@executable_path/Frameworks",
				);
				PRODUCT_BUNDLE_IDENTIFIER = com.jax.flickerApiApp;
				PRODUCT_NAME = "$(TARGET_NAME)";
				SWIFT_VERSION = 5.0;
				TARGETED_DEVICE_FAMILY = "1,2";
			};
			name = Debug;
		};
		BE424252251D290500220122 /* Release */ = {
			isa = XCBuildConfiguration;
			buildSettings = {
				ASSETCATALOG_COMPILER_APPICON_NAME = AppIcon;
				CODE_SIGN_STYLE = Automatic;
				INFOPLIST_FILE = flickerApiApp/Info.plist;
				LD_RUNPATH_SEARCH_PATHS = (
					"$(inherited)",
					"@executable_path/Frameworks",
				);
				PRODUCT_BUNDLE_IDENTIFIER = com.jax.flickerApiApp;
				PRODUCT_NAME = "$(TARGET_NAME)";
				SWIFT_VERSION = 5.0;
				TARGETED_DEVICE_FAMILY = "1,2";
			};
			name = Release;
		};
/* End XCBuildConfiguration section */

/* Begin XCConfigurationList section */
		BE424237251D28FE00220122 /* Build configuration list for PBXProject "flickerApiApp" */ = {
			isa = XCConfigurationList;
			buildConfigurations = (
				BE42424E251D290500220122 /* Debug */,
				BE42424F251D290500220122 /* Release */,
			);
			defaultConfigurationIsVisible = 0;
			defaultConfigurationName = Release;
		};
		BE424250251D290500220122 /* Build configuration list for PBXNativeTarget "flickerApiApp" */ = {
			isa = XCConfigurationList;
			buildConfigurations = (
				BE424251251D290500220122 /* Debug */,
				BE424252251D290500220122 /* Release */,
			);
			defaultConfigurationIsVisible = 0;
			defaultConfigurationName = Release;
		};
/* End XCConfigurationList section */
	};
	rootObject = BE424234251D28FE00220122 /* Project object */;
}
